// !$*UTF8*$!
{
	archiveVersion = 1;
	classes = {
	};
	objectVersion = 50;
	objects = {

/* Begin PBXBuildFile section */
		FF89623E229C1A96009360BD /* AppDelegate.swift in Sources */ = {isa = PBXBuildFile; fileRef = FF89623D229C1A96009360BD /* AppDelegate.swift */; };
		FF896240229C1A96009360BD /* ViewController.swift in Sources */ = {isa = PBXBuildFile; fileRef = FF89623F229C1A96009360BD /* ViewController.swift */; };
		FF896245229C1A97009360BD /* Assets.xcassets in Resources */ = {isa = PBXBuildFile; fileRef = FF896244229C1A97009360BD /* Assets.xcassets */; };
		FF896248229C1A97009360BD /* LaunchScreen.storyboard in Resources */ = {isa = PBXBuildFile; fileRef = FF896246229C1A97009360BD /* LaunchScreen.storyboard */; };
		FF896253229C1A97009360BD /* ImageMergeTests.swift in Sources */ = {isa = PBXBuildFile; fileRef = FF896252229C1A97009360BD /* ImageMergeTests.swift */; };
/* End PBXBuildFile section */

/* Begin PBXContainerItemProxy section */
		FF89624F229C1A97009360BD /* PBXContainerItemProxy */ = {
			isa = PBXContainerItemProxy;
			containerPortal = FF896232229C1A96009360BD /* Project object */;
			proxyType = 1;
			remoteGlobalIDString = FF896239229C1A96009360BD;
			remoteInfo = ImageMerge;
		};
/* End PBXContainerItemProxy section */

/* Begin PBXFileReference section */
		FF89623A229C1A96009360BD /* ImageMerge.app */ = {isa = PBXFileReference; explicitFileType = wrapper.application; includeInIndex = 0; path = ImageMerge.app; sourceTree = BUILT_PRODUCTS_DIR; };
		FF89623D229C1A96009360BD /* AppDelegate.swift */ = {isa = PBXFileReference; lastKnownFileType = sourcecode.swift; path = AppDelegate.swift; sourceTree = "<group>"; };
		FF89623F229C1A96009360BD /* ViewController.swift */ = {isa = PBXFileReference; lastKnownFileType = sourcecode.swift; path = ViewController.swift; sourceTree = "<group>"; };
		FF896244229C1A97009360BD /* Assets.xcassets */ = {isa = PBXFileReference; lastKnownFileType = folder.assetcatalog; path = Assets.xcassets; sourceTree = "<group>"; };
		FF896247229C1A97009360BD /* Base */ = {isa = PBXFileReference; lastKnownFileType = file.storyboard; name = Base; path = Base.lproj/LaunchScreen.storyboard; sourceTree = "<group>"; };
		FF896249229C1A97009360BD /* Info.plist */ = {isa = PBXFileReference; lastKnownFileType = text.plist.xml; path = Info.plist; sourceTree = "<group>"; };
		FF89624E229C1A97009360BD /* ImageMergeTests.xctest */ = {isa = PBXFileReference; explicitFileType = wrapper.cfbundle; includeInIndex = 0; path = ImageMergeTests.xctest; sourceTree = BUILT_PRODUCTS_DIR; };
		FF896252229C1A97009360BD /* ImageMergeTests.swift */ = {isa = PBXFileReference; lastKnownFileType = sourcecode.swift; path = ImageMergeTests.swift; sourceTree = "<group>"; };
		FF896254229C1A97009360BD /* Info.plist */ = {isa = PBXFileReference; lastKnownFileType = text.plist.xml; path = Info.plist; sourceTree = "<group>"; };
/* End PBXFileReference section */

/* Begin PBXFrameworksBuildPhase section */
		FF896237229C1A96009360BD /* Frameworks */ = {
			isa = PBXFrameworksBuildPhase;
			buildActionMask = 2147483647;
			files = (
			);
			runOnlyForDeploymentPostprocessing = 0;
		};
		FF89624B229C1A97009360BD /* Frameworks */ = {
			isa = PBXFrameworksBuildPhase;
			buildActionMask = 2147483647;
			files = (
			);
			runOnlyForDeploymentPostprocessing = 0;
		};
/* End PBXFrameworksBuildPhase section */

/* Begin PBXGroup section */
		FF896231229C1A96009360BD = {
			isa = PBXGroup;
			children = (
				FF89623C229C1A96009360BD /* ImageMerge */,
				FF896251229C1A97009360BD /* ImageMergeTests */,
				FF89623B229C1A96009360BD /* Products */,
			);
			sourceTree = "<group>";
		};
		FF89623B229C1A96009360BD /* Products */ = {
			isa = PBXGroup;
			children = (
				FF89623A229C1A96009360BD /* ImageMerge.app */,
				FF89624E229C1A97009360BD /* ImageMergeTests.xctest */,
			);
			name = Products;
			sourceTree = "<group>";
		};
		FF89623C229C1A96009360BD /* ImageMerge */ = {
			isa = PBXGroup;
			children = (
				FF89623D229C1A96009360BD /* AppDelegate.swift */,
				FF89623F229C1A96009360BD /* ViewController.swift */,
				FF896244229C1A97009360BD /* Assets.xcassets */,
				FF896246229C1A97009360BD /* LaunchScreen.storyboard */,
				FF896249229C1A97009360BD /* Info.plist */,
			);
			path = ImageMerge;
			sourceTree = "<group>";
		};
		FF896251229C1A97009360BD /* ImageMergeTests */ = {
			isa = PBXGroup;
			children = (
				FF896252229C1A97009360BD /* ImageMergeTests.swift */,
				FF896254229C1A97009360BD /* Info.plist */,
			);
			path = ImageMergeTests;
			sourceTree = "<group>";
		};
/* End PBXGroup section */

/* Begin PBXNativeTarget section */
		FF896239229C1A96009360BD /* ImageMerge */ = {
			isa = PBXNativeTarget;
			buildConfigurationList = FF896257229C1A97009360BD /* Build configuration list for PBXNativeTarget "ImageMerge" */;
			buildPhases = (
				FF896236229C1A96009360BD /* Sources */,
				FF896237229C1A96009360BD /* Frameworks */,
				FF896238229C1A96009360BD /* Resources */,
			);
			buildRules = (
			);
			dependencies = (
			);
			name = ImageMerge;
			productName = ImageMerge;
			productReference = FF89623A229C1A96009360BD /* ImageMerge.app */;
			productType = "com.apple.product-type.application";
		};
		FF89624D229C1A97009360BD /* ImageMergeTests */ = {
			isa = PBXNativeTarget;
			buildConfigurationList = FF89625A229C1A97009360BD /* Build configuration list for PBXNativeTarget "ImageMergeTests" */;
			buildPhases = (
				FF89624A229C1A97009360BD /* Sources */,
				FF89624B229C1A97009360BD /* Frameworks */,
				FF89624C229C1A97009360BD /* Resources */,
			);
			buildRules = (
			);
			dependencies = (
				FF896250229C1A97009360BD /* PBXTargetDependency */,
			);
			name = ImageMergeTests;
			productName = ImageMergeTests;
			productReference = FF89624E229C1A97009360BD /* ImageMergeTests.xctest */;
			productType = "com.apple.product-type.bundle.unit-test";
		};
/* End PBXNativeTarget section */

/* Begin PBXProject section */
		FF896232229C1A96009360BD /* Project object */ = {
			isa = PBXProject;
			attributes = {
				LastSwiftUpdateCheck = 1020;
				LastUpgradeCheck = 1020;
				ORGANIZATIONNAME = "Oskar Ek";
				TargetAttributes = {
					FF896239229C1A96009360BD = {
						CreatedOnToolsVersion = 10.2.1;
					};
					FF89624D229C1A97009360BD = {
						CreatedOnToolsVersion = 10.2.1;
						TestTargetID = FF896239229C1A96009360BD;
					};
				};
			};
			buildConfigurationList = FF896235229C1A96009360BD /* Build configuration list for PBXProject "ImageMerge" */;
			compatibilityVersion = "Xcode 9.3";
			developmentRegion = en;
			hasScannedForEncodings = 0;
			knownRegions = (
				en,
				Base,
			);
			mainGroup = FF896231229C1A96009360BD;
			productRefGroup = FF89623B229C1A96009360BD /* Products */;
			projectDirPath = "";
			projectRoot = "";
			targets = (
				FF896239229C1A96009360BD /* ImageMerge */,
				FF89624D229C1A97009360BD /* ImageMergeTests */,
			);
		};
/* End PBXProject section */

/* Begin PBXResourcesBuildPhase section */
		FF896238229C1A96009360BD /* Resources */ = {
			isa = PBXResourcesBuildPhase;
			buildActionMask = 2147483647;
			files = (
				FF896248229C1A97009360BD /* LaunchScreen.storyboard in Resources */,
				FF896245229C1A97009360BD /* Assets.xcassets in Resources */,
			);
			runOnlyForDeploymentPostprocessing = 0;
		};
		FF89624C229C1A97009360BD /* Resources */ = {
			isa = PBXResourcesBuildPhase;
			buildActionMask = 2147483647;
			files = (
			);
			runOnlyForDeploymentPostprocessing = 0;
		};
/* End PBXResourcesBuildPhase section */

/* Begin PBXSourcesBuildPhase section */
		FF896236229C1A96009360BD /* Sources */ = {
			isa = PBXSourcesBuildPhase;
			buildActionMask = 2147483647;
			files = (
				FF896240229C1A96009360BD /* ViewController.swift in Sources */,
				FF89623E229C1A96009360BD /* AppDelegate.swift in Sources */,
			);
			runOnlyForDeploymentPostprocessing = 0;
		};
		FF89624A229C1A97009360BD /* Sources */ = {
			isa = PBXSourcesBuildPhase;
			buildActionMask = 2147483647;
			files = (
				FF896253229C1A97009360BD /* ImageMergeTests.swift in Sources */,
			);
			runOnlyForDeploymentPostprocessing = 0;
		};
/* End PBXSourcesBuildPhase section */

/* Begin PBXTargetDependency section */
		FF896250229C1A97009360BD /* PBXTargetDependency */ = {
			isa = PBXTargetDependency;
			target = FF896239229C1A96009360BD /* ImageMerge */;
			targetProxy = FF89624F229C1A97009360BD /* PBXContainerItemProxy */;
		};
/* End PBXTargetDependency section */

/* Begin PBXVariantGroup section */
		FF896246229C1A97009360BD /* LaunchScreen.storyboard */ = {
			isa = PBXVariantGroup;
			children = (
				FF896247229C1A97009360BD /* Base */,
			);
			name = LaunchScreen.storyboard;
			sourceTree = "<group>";
		};
/* End PBXVariantGroup section */

/* Begin XCBuildConfiguration section */
		FF896255229C1A97009360BD /* Debug */ = {
			isa = XCBuildConfiguration;
			buildSettings = {
				ALWAYS_SEARCH_USER_PATHS = NO;
				CLANG_ANALYZER_NONNULL = YES;
				CLANG_ANALYZER_NUMBER_OBJECT_CONVERSION = YES_AGGRESSIVE;
				CLANG_CXX_LANGUAGE_STANDARD = "gnu++14";
				CLANG_CXX_LIBRARY = "libc++";
				CLANG_ENABLE_MODULES = YES;
				CLANG_ENABLE_OBJC_ARC = YES;
				CLANG_ENABLE_OBJC_WEAK = YES;
				CLANG_WARN_BLOCK_CAPTURE_AUTORELEASING = YES;
				CLANG_WARN_BOOL_CONVERSION = YES;
				CLANG_WARN_COMMA = YES;
				CLANG_WARN_CONSTANT_CONVERSION = YES;
				CLANG_WARN_DEPRECATED_OBJC_IMPLEMENTATIONS = YES;
				CLANG_WARN_DIRECT_OBJC_ISA_USAGE = YES_ERROR;
				CLANG_WARN_DOCUMENTATION_COMMENTS = YES;
				CLANG_WARN_EMPTY_BODY = YES;
				CLANG_WARN_ENUM_CONVERSION = YES;
				CLANG_WARN_INFINITE_RECURSION = YES;
				CLANG_WARN_INT_CONVERSION = YES;
				CLANG_WARN_NON_LITERAL_NULL_CONVERSION = YES;
				CLANG_WARN_OBJC_IMPLICIT_RETAIN_SELF = YES;
				CLANG_WARN_OBJC_LITERAL_CONVERSION = YES;
				CLANG_WARN_OBJC_ROOT_CLASS = YES_ERROR;
				CLANG_WARN_RANGE_LOOP_ANALYSIS = YES;
				CLANG_WARN_STRICT_PROTOTYPES = YES;
				CLANG_WARN_SUSPICIOUS_MOVE = YES;
				CLANG_WARN_UNGUARDED_AVAILABILITY = YES_AGGRESSIVE;
				CLANG_WARN_UNREACHABLE_CODE = YES;
				CLANG_WARN__DUPLICATE_METHOD_MATCH = YES;
				CODE_SIGN_IDENTITY = "iPhone Developer";
				COPY_PHASE_STRIP = NO;
				DEBUG_INFORMATION_FORMAT = dwarf;
				ENABLE_STRICT_OBJC_MSGSEND = YES;
				ENABLE_TESTABILITY = YES;
				GCC_C_LANGUAGE_STANDARD = gnu11;
				GCC_DYNAMIC_NO_PIC = NO;
				GCC_NO_COMMON_BLOCKS = YES;
				GCC_OPTIMIZATION_LEVEL = 0;
				GCC_PREPROCESSOR_DEFINITIONS = (
					"DEBUG=1",
					"$(inherited)",
				);
				GCC_WARN_64_TO_32_BIT_CONVERSION = YES;
				GCC_WARN_ABOUT_RETURN_TYPE = YES_ERROR;
				GCC_WARN_UNDECLARED_SELECTOR = YES;
				GCC_WARN_UNINITIALIZED_AUTOS = YES_AGGRESSIVE;
				GCC_WARN_UNUSED_FUNCTION = YES;
				GCC_WARN_UNUSED_VARIABLE = YES;
				IPHONEOS_DEPLOYMENT_TARGET = 12.2;
				MTL_ENABLE_DEBUG_INFO = INCLUDE_SOURCE;
				MTL_FAST_MATH = YES;
				ONLY_ACTIVE_ARCH = YES;
				SDKROOT = iphoneos;
				SWIFT_ACTIVE_COMPILATION_CONDITIONS = DEBUG;
				SWIFT_OPTIMIZATION_LEVEL = "-Onone";
			};
			name = Debug;
		};
		FF896256229C1A97009360BD /* Release */ = {
			isa = XCBuildConfiguration;
			buildSettings = {
				ALWAYS_SEARCH_USER_PATHS = NO;
				CLANG_ANALYZER_NONNULL = YES;
				CLANG_ANALYZER_NUMBER_OBJECT_CONVERSION = YES_AGGRESSIVE;
				CLANG_CXX_LANGUAGE_STANDARD = "gnu++14";
				CLANG_CXX_LIBRARY = "libc++";
				CLANG_ENABLE_MODULES = YES;
				CLANG_ENABLE_OBJC_ARC = YES;
				CLANG_ENABLE_OBJC_WEAK = YES;
				CLANG_WARN_BLOCK_CAPTURE_AUTORELEASING = YES;
				CLANG_WARN_BOOL_CONVERSION = YES;
				CLANG_WARN_COMMA = YES;
				CLANG_WARN_CONSTANT_CONVERSION = YES;
				CLANG_WARN_DEPRECATED_OBJC_IMPLEMENTATIONS = YES;
				CLANG_WARN_DIRECT_OBJC_ISA_USAGE = YES_ERROR;
				CLANG_WARN_DOCUMENTATION_COMMENTS = YES;
				CLANG_WARN_EMPTY_BODY = YES;
				CLANG_WARN_ENUM_CONVERSION = YES;
				CLANG_WARN_INFINITE_RECURSION = YES;
				CLANG_WARN_INT_CONVERSION = YES;
				CLANG_WARN_NON_LITERAL_NULL_CONVERSION = YES;
				CLANG_WARN_OBJC_IMPLICIT_RETAIN_SELF = YES;
				CLANG_WARN_OBJC_LITERAL_CONVERSION = YES;
				CLANG_WARN_OBJC_ROOT_CLASS = YES_ERROR;
				CLANG_WARN_RANGE_LOOP_ANALYSIS = YES;
				CLANG_WARN_STRICT_PROTOTYPES = YES;
				CLANG_WARN_SUSPICIOUS_MOVE = YES;
				CLANG_WARN_UNGUARDED_AVAILABILITY = YES_AGGRESSIVE;
				CLANG_WARN_UNREACHABLE_CODE = YES;
				CLANG_WARN__DUPLICATE_METHOD_MATCH = YES;
				CODE_SIGN_IDENTITY = "iPhone Developer";
				COPY_PHASE_STRIP = NO;
				DEBUG_INFORMATION_FORMAT = "dwarf-with-dsym";
				ENABLE_NS_ASSERTIONS = NO;
				ENABLE_STRICT_OBJC_MSGSEND = YES;
				GCC_C_LANGUAGE_STANDARD = gnu11;
				GCC_NO_COMMON_BLOCKS = YES;
				GCC_WARN_64_TO_32_BIT_CONVERSION = YES;
				GCC_WARN_ABOUT_RETURN_TYPE = YES_ERROR;
				GCC_WARN_UNDECLARED_SELECTOR = YES;
				GCC_WARN_UNINITIALIZED_AUTOS = YES_AGGRESSIVE;
				GCC_WARN_UNUSED_FUNCTION = YES;
				GCC_WARN_UNUSED_VARIABLE = YES;
				IPHONEOS_DEPLOYMENT_TARGET = 12.2;
				MTL_ENABLE_DEBUG_INFO = NO;
				MTL_FAST_MATH = YES;
				SDKROOT = iphoneos;
				SWIFT_COMPILATION_MODE = wholemodule;
				SWIFT_OPTIMIZATION_LEVEL = "-O";
				VALIDATE_PRODUCT = YES;
			};
			name = Release;
		};
		FF896258229C1A97009360BD /* Debug */ = {
			isa = XCBuildConfiguration;
			buildSettings = {
				ASSETCATALOG_COMPILER_APPICON_NAME = AppIcon;
				CODE_SIGN_STYLE = Automatic;
				DEVELOPMENT_TEAM = 6XNB472P6E;
				INFOPLIST_FILE = ImageMerge/Info.plist;
				LD_RUNPATH_SEARCH_PATHS = (
					"$(inherited)",
					"@executable_path/Frameworks",
				);
				PRODUCT_BUNDLE_IDENTIFIER = "oskar-apps.ImageMerge";
				PRODUCT_NAME = "$(TARGET_NAME)";
				SWIFT_VERSION = 5.0;
				TARGETED_DEVICE_FAMILY = "1,2";
			};
			name = Debug;
		};
		FF896259229C1A97009360BD /* Release */ = {
			isa = XCBuildConfiguration;
			buildSettings = {
				ASSETCATALOG_COMPILER_APPICON_NAME = AppIcon;
				CODE_SIGN_STYLE = Automatic;
				DEVELOPMENT_TEAM = 6XNB472P6E;
				INFOPLIST_FILE = ImageMerge/Info.plist;
				LD_RUNPATH_SEARCH_PATHS = (
					"$(inherited)",
					"@executable_path/Frameworks",
				);
				PRODUCT_BUNDLE_IDENTIFIER = "oskar-apps.ImageMerge";
				PRODUCT_NAME = "$(TARGET_NAME)";
				SWIFT_VERSION = 5.0;
				TARGETED_DEVICE_FAMILY = "1,2";
			};
			name = Release;
		};
		FF89625B229C1A97009360BD /* Debug */ = {
			isa = XCBuildConfiguration;
			buildSettings = {
				ALWAYS_EMBED_SWIFT_STANDARD_LIBRARIES = YES;
				BUNDLE_LOADER = "$(TEST_HOST)";
				CODE_SIGN_STYLE = Automatic;
				DEVELOPMENT_TEAM = 6XNB472P6E;
				INFOPLIST_FILE = ImageMergeTests/Info.plist;
				LD_RUNPATH_SEARCH_PATHS = (
					"$(inherited)",
					"@executable_path/Frameworks",
					"@loader_path/Frameworks",
				);
				PRODUCT_BUNDLE_IDENTIFIER = "oskar-apps.ImageMergeTests";
				PRODUCT_NAME = "$(TARGET_NAME)";
				SWIFT_VERSION = 5.0;
				TARGETED_DEVICE_FAMILY = "1,2";
				TEST_HOST = "$(BUILT_PRODUCTS_DIR)/ImageMerge.app/ImageMerge";
			};
			name = Debug;
		};
		FF89625C229C1A97009360BD /* Release */ = {
			isa = XCBuildConfiguration;
			buildSettings = {
				ALWAYS_EMBED_SWIFT_STANDARD_LIBRARIES = YES;
				BUNDLE_LOADER = "$(TEST_HOST)";
				CODE_SIGN_STYLE = Automatic;
				DEVELOPMENT_TEAM = 6XNB472P6E;
				INFOPLIST_FILE = ImageMergeTests/Info.plist;
				LD_RUNPATH_SEARCH_PATHS = (
					"$(inherited)",
					"@executable_path/Frameworks",
					"@loader_path/Frameworks",
				);
				PRODUCT_BUNDLE_IDENTIFIER = "oskar-apps.ImageMergeTests";
				PRODUCT_NAME = "$(TARGET_NAME)";
				SWIFT_VERSION = 5.0;
				TARGETED_DEVICE_FAMILY = "1,2";
				TEST_HOST = "$(BUILT_PRODUCTS_DIR)/ImageMerge.app/ImageMerge";
			};
			name = Release;
		};
/* End XCBuildConfiguration section */

/* Begin XCConfigurationList section */
		FF896235229C1A96009360BD /* Build configuration list for PBXProject "ImageMerge" */ = {
			isa = XCConfigurationList;
			buildConfigurations = (
				FF896255229C1A97009360BD /* Debug */,
				FF896256229C1A97009360BD /* Release */,
			);
			defaultConfigurationIsVisible = 0;
			defaultConfigurationName = Release;
		};
		FF896257229C1A97009360BD /* Build configuration list for PBXNativeTarget "ImageMerge" */ = {
			isa = XCConfigurationList;
			buildConfigurations = (
				FF896258229C1A97009360BD /* Debug */,
				FF896259229C1A97009360BD /* Release */,
			);
			defaultConfigurationIsVisible = 0;
			defaultConfigurationName = Release;
		};
		FF89625A229C1A97009360BD /* Build configuration list for PBXNativeTarget "ImageMergeTests" */ = {
			isa = XCConfigurationList;
			buildConfigurations = (
				FF89625B229C1A97009360BD /* Debug */,
				FF89625C229C1A97009360BD /* Release */,
			);
			defaultConfigurationIsVisible = 0;
			defaultConfigurationName = Release;
		};
/* End XCConfigurationList section */
	};
	rootObject = FF896232229C1A96009360BD /* Project object */;
}
